// !$*UTF8*$!
{
	archiveVersion = 1;
	classes = {
	};
	objectVersion = 56;
	objects = {

/* Begin PBXBuildFile section */
		6907CD3B297852DA00F69430 /* CDCharacterListViewViewModel.swift in Sources */ = {isa = PBXBuildFile; fileRef = 6907CD3A297852DA00F69430 /* CDCharacterListViewViewModel.swift */; };
		6907CD3D2978537200F69430 /* CDCharacterListView.swift in Sources */ = {isa = PBXBuildFile; fileRef = 6907CD3C2978537200F69430 /* CDCharacterListView.swift */; };
		691CCFD8297C45B2008CEBB2 /* Ext + UIView.swift in Sources */ = {isa = PBXBuildFile; fileRef = 691CCFD7297C45B2008CEBB2 /* Ext + UIView.swift */; };
		69225B0F29716AF200150EC6 /* CDService.swift in Sources */ = {isa = PBXBuildFile; fileRef = 69225B0E29716AF100150EC6 /* CDService.swift */; };
		69225B1129716B1E00150EC6 /* CDRequest.swift in Sources */ = {isa = PBXBuildFile; fileRef = 69225B1029716B1E00150EC6 /* CDRequest.swift */; };
		69225B1329716C8700150EC6 /* CDEndPoint.swift in Sources */ = {isa = PBXBuildFile; fileRef = 69225B1229716C8700150EC6 /* CDEndPoint.swift */; };
		6954FDC129703384008C1889 /* AppDelegate.swift in Sources */ = {isa = PBXBuildFile; fileRef = 6954FDC029703384008C1889 /* AppDelegate.swift */; };
		6954FDC329703384008C1889 /* SceneDelegate.swift in Sources */ = {isa = PBXBuildFile; fileRef = 6954FDC229703384008C1889 /* SceneDelegate.swift */; };
		6954FDC529703384008C1889 /* CDTabBarController.swift in Sources */ = {isa = PBXBuildFile; fileRef = 6954FDC429703384008C1889 /* CDTabBarController.swift */; };
		6954FDCB29703384008C1889 /* CartoonDataApp.xcdatamodeld in Sources */ = {isa = PBXBuildFile; fileRef = 6954FDC929703384008C1889 /* CartoonDataApp.xcdatamodeld */; };
		6954FDCD29703387008C1889 /* Assets.xcassets in Resources */ = {isa = PBXBuildFile; fileRef = 6954FDCC29703387008C1889 /* Assets.xcassets */; };
		6954FDD029703387008C1889 /* LaunchScreen.storyboard in Resources */ = {isa = PBXBuildFile; fileRef = 6954FDCE29703387008C1889 /* LaunchScreen.storyboard */; };
		6954FDE029703B21008C1889 /* CDLocation.swift in Sources */ = {isa = PBXBuildFile; fileRef = 6954FDDF29703B21008C1889 /* CDLocation.swift */; };
		6954FDE229703B51008C1889 /* CDCharacter.swift in Sources */ = {isa = PBXBuildFile; fileRef = 6954FDE129703B51008C1889 /* CDCharacter.swift */; };
		6954FDE429703B72008C1889 /* CDEpisode.swift in Sources */ = {isa = PBXBuildFile; fileRef = 6954FDE329703B72008C1889 /* CDEpisode.swift */; };
		6954FDE729703C69008C1889 /* CDCharacterViewController.swift in Sources */ = {isa = PBXBuildFile; fileRef = 6954FDE629703C69008C1889 /* CDCharacterViewController.swift */; };
		6954FDE929703C9F008C1889 /* CDLocationViewController.swift in Sources */ = {isa = PBXBuildFile; fileRef = 6954FDE829703C9F008C1889 /* CDLocationViewController.swift */; };
		6954FDEB29703CBD008C1889 /* CDEpisodeViewController.swift in Sources */ = {isa = PBXBuildFile; fileRef = 6954FDEA29703CBD008C1889 /* CDEpisodeViewController.swift */; };
		6954FDEE29703D06008C1889 /* CDSettingsViewController.swift in Sources */ = {isa = PBXBuildFile; fileRef = 6954FDED29703D06008C1889 /* CDSettingsViewController.swift */; };
		6954FDF0297040F8008C1889 /* Resources.swift in Sources */ = {isa = PBXBuildFile; fileRef = 6954FDEF297040F8008C1889 /* Resources.swift */; };
		6962F6D22980252700D3A267 /* CDCharacterCollectionViewCell.swift in Sources */ = {isa = PBXBuildFile; fileRef = 6962F6D12980252700D3A267 /* CDCharacterCollectionViewCell.swift */; };
		697A169D2976F0900068826C /* CDAllGetCharactersResponce.swift in Sources */ = {isa = PBXBuildFile; fileRef = 697A169C2976F0900068826C /* CDAllGetCharactersResponce.swift */; };
		697A4A222972E47800207676 /* CDOrigin.swift in Sources */ = {isa = PBXBuildFile; fileRef = 697A4A212972E47800207676 /* CDOrigin.swift */; };
		697A4A242972E56C00207676 /* CDSingleLocation.swift in Sources */ = {isa = PBXBuildFile; fileRef = 697A4A232972E56C00207676 /* CDSingleLocation.swift */; };
		697A4A262972E73000207676 /* CDCharacterStatus.swift in Sources */ = {isa = PBXBuildFile; fileRef = 697A4A252972E73000207676 /* CDCharacterStatus.swift */; };
		697A4A282972E78900207676 /* CDCharacterGender.swift in Sources */ = {isa = PBXBuildFile; fileRef = 697A4A272972E78900207676 /* CDCharacterGender.swift */; };
/* End PBXBuildFile section */

/* Begin PBXFileReference section */
		6907CD3A297852DA00F69430 /* CDCharacterListViewViewModel.swift */ = {isa = PBXFileReference; lastKnownFileType = sourcecode.swift; path = CDCharacterListViewViewModel.swift; sourceTree = "<group>"; };
		6907CD3C2978537200F69430 /* CDCharacterListView.swift */ = {isa = PBXFileReference; lastKnownFileType = sourcecode.swift; path = CDCharacterListView.swift; sourceTree = "<group>"; };
		691CCFD7297C45B2008CEBB2 /* Ext + UIView.swift */ = {isa = PBXFileReference; lastKnownFileType = sourcecode.swift; path = "Ext + UIView.swift"; sourceTree = "<group>"; };
		69225B0E29716AF100150EC6 /* CDService.swift */ = {isa = PBXFileReference; lastKnownFileType = sourcecode.swift; path = CDService.swift; sourceTree = "<group>"; };
		69225B1029716B1E00150EC6 /* CDRequest.swift */ = {isa = PBXFileReference; lastKnownFileType = sourcecode.swift; path = CDRequest.swift; sourceTree = "<group>"; };
		69225B1229716C8700150EC6 /* CDEndPoint.swift */ = {isa = PBXFileReference; lastKnownFileType = sourcecode.swift; path = CDEndPoint.swift; sourceTree = "<group>"; };
		69225B142971712700150EC6 /* README.md */ = {isa = PBXFileReference; lastKnownFileType = net.daringfireball.markdown; path = README.md; sourceTree = "<group>"; };
		6954FDBD29703384008C1889 /* CartoonDataApp.app */ = {isa = PBXFileReference; explicitFileType = wrapper.application; includeInIndex = 0; path = CartoonDataApp.app; sourceTree = BUILT_PRODUCTS_DIR; };
		6954FDC029703384008C1889 /* AppDelegate.swift */ = {isa = PBXFileReference; lastKnownFileType = sourcecode.swift; path = AppDelegate.swift; sourceTree = "<group>"; };
		6954FDC229703384008C1889 /* SceneDelegate.swift */ = {isa = PBXFileReference; lastKnownFileType = sourcecode.swift; path = SceneDelegate.swift; sourceTree = "<group>"; };
		6954FDC429703384008C1889 /* CDTabBarController.swift */ = {isa = PBXFileReference; lastKnownFileType = sourcecode.swift; path = CDTabBarController.swift; sourceTree = "<group>"; };
		6954FDCA29703384008C1889 /* CartoonDataApp.xcdatamodel */ = {isa = PBXFileReference; lastKnownFileType = wrapper.xcdatamodel; path = CartoonDataApp.xcdatamodel; sourceTree = "<group>"; };
		6954FDCC29703387008C1889 /* Assets.xcassets */ = {isa = PBXFileReference; lastKnownFileType = folder.assetcatalog; path = Assets.xcassets; sourceTree = "<group>"; };
		6954FDCF29703387008C1889 /* Base */ = {isa = PBXFileReference; lastKnownFileType = file.storyboard; name = Base; path = Base.lproj/LaunchScreen.storyboard; sourceTree = "<group>"; };
		6954FDD129703387008C1889 /* Info.plist */ = {isa = PBXFileReference; lastKnownFileType = text.plist.xml; path = Info.plist; sourceTree = "<group>"; };
		6954FDDF29703B21008C1889 /* CDLocation.swift */ = {isa = PBXFileReference; lastKnownFileType = sourcecode.swift; path = CDLocation.swift; sourceTree = "<group>"; };
		6954FDE129703B51008C1889 /* CDCharacter.swift */ = {isa = PBXFileReference; lastKnownFileType = sourcecode.swift; path = CDCharacter.swift; sourceTree = "<group>"; };
		6954FDE329703B72008C1889 /* CDEpisode.swift */ = {isa = PBXFileReference; lastKnownFileType = sourcecode.swift; path = CDEpisode.swift; sourceTree = "<group>"; };
		6954FDE629703C69008C1889 /* CDCharacterViewController.swift */ = {isa = PBXFileReference; lastKnownFileType = sourcecode.swift; path = CDCharacterViewController.swift; sourceTree = "<group>"; };
		6954FDE829703C9F008C1889 /* CDLocationViewController.swift */ = {isa = PBXFileReference; lastKnownFileType = sourcecode.swift; path = CDLocationViewController.swift; sourceTree = "<group>"; };
		6954FDEA29703CBD008C1889 /* CDEpisodeViewController.swift */ = {isa = PBXFileReference; lastKnownFileType = sourcecode.swift; path = CDEpisodeViewController.swift; sourceTree = "<group>"; };
		6954FDED29703D06008C1889 /* CDSettingsViewController.swift */ = {isa = PBXFileReference; lastKnownFileType = sourcecode.swift; path = CDSettingsViewController.swift; sourceTree = "<group>"; };
		6954FDEF297040F8008C1889 /* Resources.swift */ = {isa = PBXFileReference; lastKnownFileType = sourcecode.swift; path = Resources.swift; sourceTree = "<group>"; };
		6962F6D12980252700D3A267 /* CDCharacterCollectionViewCell.swift */ = {isa = PBXFileReference; lastKnownFileType = sourcecode.swift; path = CDCharacterCollectionViewCell.swift; sourceTree = "<group>"; };
		697A169C2976F0900068826C /* CDAllGetCharactersResponce.swift */ = {isa = PBXFileReference; lastKnownFileType = sourcecode.swift; path = CDAllGetCharactersResponce.swift; sourceTree = "<group>"; };
		697A4A212972E47800207676 /* CDOrigin.swift */ = {isa = PBXFileReference; lastKnownFileType = sourcecode.swift; path = CDOrigin.swift; sourceTree = "<group>"; };
		697A4A232972E56C00207676 /* CDSingleLocation.swift */ = {isa = PBXFileReference; lastKnownFileType = sourcecode.swift; path = CDSingleLocation.swift; sourceTree = "<group>"; };
		697A4A252972E73000207676 /* CDCharacterStatus.swift */ = {isa = PBXFileReference; lastKnownFileType = sourcecode.swift; path = CDCharacterStatus.swift; sourceTree = "<group>"; };
		697A4A272972E78900207676 /* CDCharacterGender.swift */ = {isa = PBXFileReference; lastKnownFileType = sourcecode.swift; path = CDCharacterGender.swift; sourceTree = "<group>"; };
/* End PBXFileReference section */

/* Begin PBXFrameworksBuildPhase section */
		6954FDBA29703384008C1889 /* Frameworks */ = {
			isa = PBXFrameworksBuildPhase;
			buildActionMask = 2147483647;
			files = (
			);
			runOnlyForDeploymentPostprocessing = 0;
		};
/* End PBXFrameworksBuildPhase section */

/* Begin PBXGroup section */
		6954FDB429703384008C1889 = {
			isa = PBXGroup;
			children = (
				69225B142971712700150EC6 /* README.md */,
				6954FDBF29703384008C1889 /* CartoonDataApp */,
				6954FDBE29703384008C1889 /* Products */,
			);
			sourceTree = "<group>";
		};
		6954FDBE29703384008C1889 /* Products */ = {
			isa = PBXGroup;
			children = (
				6954FDBD29703384008C1889 /* CartoonDataApp.app */,
			);
			name = Products;
			sourceTree = "<group>";
		};
		6954FDBF29703384008C1889 /* CartoonDataApp */ = {
			isa = PBXGroup;
			children = (
				6954FDDE29703A77008C1889 /* Resources */,
				6954FDDD29703A53008C1889 /* Managers */,
				6954FDDC29703A1E008C1889 /* APIClient */,
				6954FDD92970397F008C1889 /* Models */,
				6954FDDA29703992008C1889 /* Views */,
				6954FDDB297039F6008C1889 /* ViewModels */,
				6954FDD82970395F008C1889 /* Controllers */,
				6954FDD729703851008C1889 /* SupportingFiles */,
				6954FDC929703384008C1889 /* CartoonDataApp.xcdatamodeld */,
			);
			path = CartoonDataApp;
			sourceTree = "<group>";
		};
		6954FDD729703851008C1889 /* SupportingFiles */ = {
			isa = PBXGroup;
			children = (
				6954FDC029703384008C1889 /* AppDelegate.swift */,
				6954FDC229703384008C1889 /* SceneDelegate.swift */,
				6954FDCC29703387008C1889 /* Assets.xcassets */,
				6954FDCE29703387008C1889 /* LaunchScreen.storyboard */,
				6954FDD129703387008C1889 /* Info.plist */,
			);
			path = SupportingFiles;
			sourceTree = "<group>";
		};
		6954FDD82970395F008C1889 /* Controllers */ = {
			isa = PBXGroup;
			children = (
				6954FDE529703C21008C1889 /* Core */,
			);
			path = Controllers;
			sourceTree = "<group>";
		};
		6954FDD92970397F008C1889 /* Models */ = {
			isa = PBXGroup;
			children = (
				697A169B2976F0510068826C /* APIResponseTypes */,
				697A169A2976F03B0068826C /* DataTypes */,
			);
			path = Models;
			sourceTree = "<group>";
		};
		6954FDDA29703992008C1889 /* Views */ = {
			isa = PBXGroup;
			children = (
				6907CD3C2978537200F69430 /* CDCharacterListView.swift */,
				6962F6D12980252700D3A267 /* CDCharacterCollectionViewCell.swift */,
			);
			path = Views;
			sourceTree = "<group>";
		};
		6954FDDB297039F6008C1889 /* ViewModels */ = {
			isa = PBXGroup;
			children = (
				6907CD3A297852DA00F69430 /* CDCharacterListViewViewModel.swift */,
			);
			path = ViewModels;
			sourceTree = "<group>";
		};
		6954FDDC29703A1E008C1889 /* APIClient */ = {
			isa = PBXGroup;
			children = (
				69225B0E29716AF100150EC6 /* CDService.swift */,
				69225B1029716B1E00150EC6 /* CDRequest.swift */,
				69225B1229716C8700150EC6 /* CDEndPoint.swift */,
			);
			path = APIClient;
			sourceTree = "<group>";
		};
		6954FDDD29703A53008C1889 /* Managers */ = {
			isa = PBXGroup;
			children = (
			);
			path = Managers;
			sourceTree = "<group>";
		};
		6954FDDE29703A77008C1889 /* Resources */ = {
			isa = PBXGroup;
			children = (
				6954FDEF297040F8008C1889 /* Resources.swift */,
				691CCFD7297C45B2008CEBB2 /* Ext + UIView.swift */,
			);
			path = Resources;
			sourceTree = "<group>";
		};
		6954FDE529703C21008C1889 /* Core */ = {
			isa = PBXGroup;
			children = (
				6954FDC429703384008C1889 /* CDTabBarController.swift */,
				6954FDE629703C69008C1889 /* CDCharacterViewController.swift */,
				6954FDE829703C9F008C1889 /* CDLocationViewController.swift */,
				6954FDEA29703CBD008C1889 /* CDEpisodeViewController.swift */,
				6954FDED29703D06008C1889 /* CDSettingsViewController.swift */,
			);
			path = Core;
			sourceTree = "<group>";
		};
		697A169A2976F03B0068826C /* DataTypes */ = {
			isa = PBXGroup;
			children = (
				6954FDDF29703B21008C1889 /* CDLocation.swift */,
				6954FDE129703B51008C1889 /* CDCharacter.swift */,
				6954FDE329703B72008C1889 /* CDEpisode.swift */,
				697A4A272972E78900207676 /* CDCharacterGender.swift */,
				697A4A252972E73000207676 /* CDCharacterStatus.swift */,
				697A4A232972E56C00207676 /* CDSingleLocation.swift */,
				697A4A212972E47800207676 /* CDOrigin.swift */,
			);
			path = DataTypes;
			sourceTree = "<group>";
		};
		697A169B2976F0510068826C /* APIResponseTypes */ = {
			isa = PBXGroup;
			children = (
				697A169C2976F0900068826C /* CDAllGetCharactersResponce.swift */,
			);
			path = APIResponseTypes;
			sourceTree = "<group>";
		};
/* End PBXGroup section */

/* Begin PBXNativeTarget section */
		6954FDBC29703384008C1889 /* CartoonDataApp */ = {
			isa = PBXNativeTarget;
			buildConfigurationList = 6954FDD429703387008C1889 /* Build configuration list for PBXNativeTarget "CartoonDataApp" */;
			buildPhases = (
				6954FDB929703384008C1889 /* Sources */,
				6954FDBA29703384008C1889 /* Frameworks */,
				6954FDBB29703384008C1889 /* Resources */,
			);
			buildRules = (
			);
			dependencies = (
			);
			name = CartoonDataApp;
			productName = CartoonDataApp;
			productReference = 6954FDBD29703384008C1889 /* CartoonDataApp.app */;
			productType = "com.apple.product-type.application";
		};
/* End PBXNativeTarget section */

/* Begin PBXProject section */
		6954FDB529703384008C1889 /* Project object */ = {
			isa = PBXProject;
			attributes = {
				BuildIndependentTargetsInParallel = 1;
				LastSwiftUpdateCheck = 1420;
				LastUpgradeCheck = 1420;
				TargetAttributes = {
					6954FDBC29703384008C1889 = {
						CreatedOnToolsVersion = 14.2;
					};
				};
			};
			buildConfigurationList = 6954FDB829703384008C1889 /* Build configuration list for PBXProject "CartoonDataApp" */;
			compatibilityVersion = "Xcode 14.0";
			developmentRegion = en;
			hasScannedForEncodings = 0;
			knownRegions = (
				en,
				Base,
			);
			mainGroup = 6954FDB429703384008C1889;
			productRefGroup = 6954FDBE29703384008C1889 /* Products */;
			projectDirPath = "";
			projectRoot = "";
			targets = (
				6954FDBC29703384008C1889 /* CartoonDataApp */,
			);
		};
/* End PBXProject section */

/* Begin PBXResourcesBuildPhase section */
		6954FDBB29703384008C1889 /* Resources */ = {
			isa = PBXResourcesBuildPhase;
			buildActionMask = 2147483647;
			files = (
				6954FDD029703387008C1889 /* LaunchScreen.storyboard in Resources */,
				6954FDCD29703387008C1889 /* Assets.xcassets in Resources */,
			);
			runOnlyForDeploymentPostprocessing = 0;
		};
/* End PBXResourcesBuildPhase section */

/* Begin PBXSourcesBuildPhase section */
		6954FDB929703384008C1889 /* Sources */ = {
			isa = PBXSourcesBuildPhase;
			buildActionMask = 2147483647;
			files = (
				6907CD3D2978537200F69430 /* CDCharacterListView.swift in Sources */,
				69225B0F29716AF200150EC6 /* CDService.swift in Sources */,
				6954FDE229703B51008C1889 /* CDCharacter.swift in Sources */,
				6954FDCB29703384008C1889 /* CartoonDataApp.xcdatamodeld in Sources */,
				69225B1329716C8700150EC6 /* CDEndPoint.swift in Sources */,
				697A4A242972E56C00207676 /* CDSingleLocation.swift in Sources */,
				6907CD3B297852DA00F69430 /* CDCharacterListViewViewModel.swift in Sources */,
				6954FDE429703B72008C1889 /* CDEpisode.swift in Sources */,
				6954FDC529703384008C1889 /* CDTabBarController.swift in Sources */,
				6962F6D22980252700D3A267 /* CDCharacterCollectionViewCell.swift in Sources */,
				6954FDE929703C9F008C1889 /* CDLocationViewController.swift in Sources */,
				697A4A282972E78900207676 /* CDCharacterGender.swift in Sources */,
				6954FDC129703384008C1889 /* AppDelegate.swift in Sources */,
				697A169D2976F0900068826C /* CDAllGetCharactersResponce.swift in Sources */,
				697A4A222972E47800207676 /* CDOrigin.swift in Sources */,
				6954FDEE29703D06008C1889 /* CDSettingsViewController.swift in Sources */,
				6954FDE729703C69008C1889 /* CDCharacterViewController.swift in Sources */,
				6954FDEB29703CBD008C1889 /* CDEpisodeViewController.swift in Sources */,
				69225B1129716B1E00150EC6 /* CDRequest.swift in Sources */,
				697A4A262972E73000207676 /* CDCharacterStatus.swift in Sources */,
				6954FDF0297040F8008C1889 /* Resources.swift in Sources */,
				6954FDC329703384008C1889 /* SceneDelegate.swift in Sources */,
				6954FDE029703B21008C1889 /* CDLocation.swift in Sources */,
				691CCFD8297C45B2008CEBB2 /* Ext + UIView.swift in Sources */,
			);
			runOnlyForDeploymentPostprocessing = 0;
		};
/* End PBXSourcesBuildPhase section */

/* Begin PBXVariantGroup section */
		6954FDCE29703387008C1889 /* LaunchScreen.storyboard */ = {
			isa = PBXVariantGroup;
			children = (
				6954FDCF29703387008C1889 /* Base */,
			);
			name = LaunchScreen.storyboard;
			sourceTree = "<group>";
		};
/* End PBXVariantGroup section */

/* Begin XCBuildConfiguration section */
		6954FDD229703387008C1889 /* Debug */ = {
			isa = XCBuildConfiguration;
			buildSettings = {
				ALWAYS_SEARCH_USER_PATHS = NO;
				CLANG_ANALYZER_NONNULL = YES;
				CLANG_ANALYZER_NUMBER_OBJECT_CONVERSION = YES_AGGRESSIVE;
				CLANG_CXX_LANGUAGE_STANDARD = "gnu++20";
				CLANG_ENABLE_MODULES = YES;
				CLANG_ENABLE_OBJC_ARC = YES;
				CLANG_ENABLE_OBJC_WEAK = YES;
				CLANG_WARN_BLOCK_CAPTURE_AUTORELEASING = YES;
				CLANG_WARN_BOOL_CONVERSION = YES;
				CLANG_WARN_COMMA = YES;
				CLANG_WARN_CONSTANT_CONVERSION = YES;
				CLANG_WARN_DEPRECATED_OBJC_IMPLEMENTATIONS = YES;
				CLANG_WARN_DIRECT_OBJC_ISA_USAGE = YES_ERROR;
				CLANG_WARN_DOCUMENTATION_COMMENTS = YES;
				CLANG_WARN_EMPTY_BODY = YES;
				CLANG_WARN_ENUM_CONVERSION = YES;
				CLANG_WARN_INFINITE_RECURSION = YES;
				CLANG_WARN_INT_CONVERSION = YES;
				CLANG_WARN_NON_LITERAL_NULL_CONVERSION = YES;
				CLANG_WARN_OBJC_IMPLICIT_RETAIN_SELF = YES;
				CLANG_WARN_OBJC_LITERAL_CONVERSION = YES;
				CLANG_WARN_OBJC_ROOT_CLASS = YES_ERROR;
				CLANG_WARN_QUOTED_INCLUDE_IN_FRAMEWORK_HEADER = YES;
				CLANG_WARN_RANGE_LOOP_ANALYSIS = YES;
				CLANG_WARN_STRICT_PROTOTYPES = YES;
				CLANG_WARN_SUSPICIOUS_MOVE = YES;
				CLANG_WARN_UNGUARDED_AVAILABILITY = YES_AGGRESSIVE;
				CLANG_WARN_UNREACHABLE_CODE = YES;
				CLANG_WARN__DUPLICATE_METHOD_MATCH = YES;
				COPY_PHASE_STRIP = NO;
				DEBUG_INFORMATION_FORMAT = dwarf;
				ENABLE_STRICT_OBJC_MSGSEND = YES;
				ENABLE_TESTABILITY = YES;
				GCC_C_LANGUAGE_STANDARD = gnu11;
				GCC_DYNAMIC_NO_PIC = NO;
				GCC_NO_COMMON_BLOCKS = YES;
				GCC_OPTIMIZATION_LEVEL = 0;
				GCC_PREPROCESSOR_DEFINITIONS = (
					"DEBUG=1",
					"$(inherited)",
				);
				GCC_WARN_64_TO_32_BIT_CONVERSION = YES;
				GCC_WARN_ABOUT_RETURN_TYPE = YES_ERROR;
				GCC_WARN_UNDECLARED_SELECTOR = YES;
				GCC_WARN_UNINITIALIZED_AUTOS = YES_AGGRESSIVE;
				GCC_WARN_UNUSED_FUNCTION = YES;
				GCC_WARN_UNUSED_VARIABLE = YES;
				IPHONEOS_DEPLOYMENT_TARGET = 16.2;
				MTL_ENABLE_DEBUG_INFO = INCLUDE_SOURCE;
				MTL_FAST_MATH = YES;
				ONLY_ACTIVE_ARCH = YES;
				SDKROOT = iphoneos;
				SWIFT_ACTIVE_COMPILATION_CONDITIONS = DEBUG;
				SWIFT_OPTIMIZATION_LEVEL = "-Onone";
			};
			name = Debug;
		};
		6954FDD329703387008C1889 /* Release */ = {
			isa = XCBuildConfiguration;
			buildSettings = {
				ALWAYS_SEARCH_USER_PATHS = NO;
				CLANG_ANALYZER_NONNULL = YES;
				CLANG_ANALYZER_NUMBER_OBJECT_CONVERSION = YES_AGGRESSIVE;
				CLANG_CXX_LANGUAGE_STANDARD = "gnu++20";
				CLANG_ENABLE_MODULES = YES;
				CLANG_ENABLE_OBJC_ARC = YES;
				CLANG_ENABLE_OBJC_WEAK = YES;
				CLANG_WARN_BLOCK_CAPTURE_AUTORELEASING = YES;
				CLANG_WARN_BOOL_CONVERSION = YES;
				CLANG_WARN_COMMA = YES;
				CLANG_WARN_CONSTANT_CONVERSION = YES;
				CLANG_WARN_DEPRECATED_OBJC_IMPLEMENTATIONS = YES;
				CLANG_WARN_DIRECT_OBJC_ISA_USAGE = YES_ERROR;
				CLANG_WARN_DOCUMENTATION_COMMENTS = YES;
				CLANG_WARN_EMPTY_BODY = YES;
				CLANG_WARN_ENUM_CONVERSION = YES;
				CLANG_WARN_INFINITE_RECURSION = YES;
				CLANG_WARN_INT_CONVERSION = YES;
				CLANG_WARN_NON_LITERAL_NULL_CONVERSION = YES;
				CLANG_WARN_OBJC_IMPLICIT_RETAIN_SELF = YES;
				CLANG_WARN_OBJC_LITERAL_CONVERSION = YES;
				CLANG_WARN_OBJC_ROOT_CLASS = YES_ERROR;
				CLANG_WARN_QUOTED_INCLUDE_IN_FRAMEWORK_HEADER = YES;
				CLANG_WARN_RANGE_LOOP_ANALYSIS = YES;
				CLANG_WARN_STRICT_PROTOTYPES = YES;
				CLANG_WARN_SUSPICIOUS_MOVE = YES;
				CLANG_WARN_UNGUARDED_AVAILABILITY = YES_AGGRESSIVE;
				CLANG_WARN_UNREACHABLE_CODE = YES;
				CLANG_WARN__DUPLICATE_METHOD_MATCH = YES;
				COPY_PHASE_STRIP = NO;
				DEBUG_INFORMATION_FORMAT = "dwarf-with-dsym";
				ENABLE_NS_ASSERTIONS = NO;
				ENABLE_STRICT_OBJC_MSGSEND = YES;
				GCC_C_LANGUAGE_STANDARD = gnu11;
				GCC_NO_COMMON_BLOCKS = YES;
				GCC_WARN_64_TO_32_BIT_CONVERSION = YES;
				GCC_WARN_ABOUT_RETURN_TYPE = YES_ERROR;
				GCC_WARN_UNDECLARED_SELECTOR = YES;
				GCC_WARN_UNINITIALIZED_AUTOS = YES_AGGRESSIVE;
				GCC_WARN_UNUSED_FUNCTION = YES;
				GCC_WARN_UNUSED_VARIABLE = YES;
				IPHONEOS_DEPLOYMENT_TARGET = 16.2;
				MTL_ENABLE_DEBUG_INFO = NO;
				MTL_FAST_MATH = YES;
				SDKROOT = iphoneos;
				SWIFT_COMPILATION_MODE = wholemodule;
				SWIFT_OPTIMIZATION_LEVEL = "-O";
				VALIDATE_PRODUCT = YES;
			};
			name = Release;
		};
		6954FDD529703387008C1889 /* Debug */ = {
			isa = XCBuildConfiguration;
			buildSettings = {
				ASSETCATALOG_COMPILER_APPICON_NAME = AppIcon;
				ASSETCATALOG_COMPILER_GLOBAL_ACCENT_COLOR_NAME = AccentColor;
				CODE_SIGN_STYLE = Automatic;
				CURRENT_PROJECT_VERSION = 1;
				DEVELOPMENT_TEAM = M7TD444VRA;
				GENERATE_INFOPLIST_FILE = YES;
				INFOPLIST_FILE = CartoonDataApp/SupportingFiles/Info.plist;
				INFOPLIST_KEY_UIApplicationSupportsIndirectInputEvents = YES;
				INFOPLIST_KEY_UILaunchStoryboardName = LaunchScreen;
				INFOPLIST_KEY_UISupportedInterfaceOrientations_iPad = "UIInterfaceOrientationPortrait UIInterfaceOrientationPortraitUpsideDown UIInterfaceOrientationLandscapeLeft UIInterfaceOrientationLandscapeRight";
				INFOPLIST_KEY_UISupportedInterfaceOrientations_iPhone = "UIInterfaceOrientationPortrait UIInterfaceOrientationLandscapeLeft UIInterfaceOrientationLandscapeRight";
				LD_RUNPATH_SEARCH_PATHS = (
					"$(inherited)",
					"@executable_path/Frameworks",
				);
				MARKETING_VERSION = 1.0;
				PRODUCT_BUNDLE_IDENTIFIER = ru.SiLVERSHTAiN.CartoonDataApp;
				PRODUCT_NAME = "$(TARGET_NAME)";
				SWIFT_EMIT_LOC_STRINGS = YES;
				SWIFT_VERSION = 5.0;
				TARGETED_DEVICE_FAMILY = "1,2";
			};
			name = Debug;
		};
		6954FDD629703387008C1889 /* Release */ = {
			isa = XCBuildConfiguration;
			buildSettings = {
				ASSETCATALOG_COMPILER_APPICON_NAME = AppIcon;
				ASSETCATALOG_COMPILER_GLOBAL_ACCENT_COLOR_NAME = AccentColor;
				CODE_SIGN_STYLE = Automatic;
				CURRENT_PROJECT_VERSION = 1;
				DEVELOPMENT_TEAM = M7TD444VRA;
				GENERATE_INFOPLIST_FILE = YES;
				INFOPLIST_FILE = CartoonDataApp/SupportingFiles/Info.plist;
				INFOPLIST_KEY_UIApplicationSupportsIndirectInputEvents = YES;
				INFOPLIST_KEY_UILaunchStoryboardName = LaunchScreen;
				INFOPLIST_KEY_UISupportedInterfaceOrientations_iPad = "UIInterfaceOrientationPortrait UIInterfaceOrientationPortraitUpsideDown UIInterfaceOrientationLandscapeLeft UIInterfaceOrientationLandscapeRight";
				INFOPLIST_KEY_UISupportedInterfaceOrientations_iPhone = "UIInterfaceOrientationPortrait UIInterfaceOrientationLandscapeLeft UIInterfaceOrientationLandscapeRight";
				LD_RUNPATH_SEARCH_PATHS = (
					"$(inherited)",
					"@executable_path/Frameworks",
				);
				MARKETING_VERSION = 1.0;
				PRODUCT_BUNDLE_IDENTIFIER = ru.SiLVERSHTAiN.CartoonDataApp;
				PRODUCT_NAME = "$(TARGET_NAME)";
				SWIFT_EMIT_LOC_STRINGS = YES;
				SWIFT_VERSION = 5.0;
				TARGETED_DEVICE_FAMILY = "1,2";
			};
			name = Release;
		};
/* End XCBuildConfiguration section */

/* Begin XCConfigurationList section */
		6954FDB829703384008C1889 /* Build configuration list for PBXProject "CartoonDataApp" */ = {
			isa = XCConfigurationList;
			buildConfigurations = (
				6954FDD229703387008C1889 /* Debug */,
				6954FDD329703387008C1889 /* Release */,
			);
			defaultConfigurationIsVisible = 0;
			defaultConfigurationName = Release;
		};
		6954FDD429703387008C1889 /* Build configuration list for PBXNativeTarget "CartoonDataApp" */ = {
			isa = XCConfigurationList;
			buildConfigurations = (
				6954FDD529703387008C1889 /* Debug */,
				6954FDD629703387008C1889 /* Release */,
			);
			defaultConfigurationIsVisible = 0;
			defaultConfigurationName = Release;
		};
/* End XCConfigurationList section */

/* Begin XCVersionGroup section */
		6954FDC929703384008C1889 /* CartoonDataApp.xcdatamodeld */ = {
			isa = XCVersionGroup;
			children = (
				6954FDCA29703384008C1889 /* CartoonDataApp.xcdatamodel */,
			);
			currentVersion = 6954FDCA29703384008C1889 /* CartoonDataApp.xcdatamodel */;
			path = CartoonDataApp.xcdatamodeld;
			sourceTree = "<group>";
			versionGroupType = wrapper.xcdatamodel;
		};
/* End XCVersionGroup section */
	};
	rootObject = 6954FDB529703384008C1889 /* Project object */;
}
